
Microsoft Visual Studio Solution File, Format Version 12.00
# Visual Studio Version 16
VisualStudioVersion = 16.0.29613.14
MinimumVisualStudioVersion = 10.0.40219.1
Project("{FAE04EC0-301F-11D3-BF4B-00C04F79EFBC}") = "OCCFRecSys", "OCCFRecSys\OCCFRecSys.csproj", "{A3CAAB15-531F-4BBF-99E0-3A5299398CFD}"
EndProject
Global
	GlobalSection(SolutionConfigurationPlatforms) = preSolution
		Debug|Any CPU = Debug|Any CPU
		Debug|x64 = Debug|x64
		Release|Any CPU = Release|Any CPU
		Release|x64 = Release|x64
	EndGlobalSection
	GlobalSection(ProjectConfigurationPlatforms) = postSolution
		{A3CAAB15-531F-4BBF-99E0-3A5299398CFD}.Debug|Any CPU.ActiveCfg = Debug|Any CPU
		{A3CAAB15-531F-4BBF-99E0-3A5299398CFD}.Debug|Any CPU.Build.0 = Debug|Any CPU
		{A3CAAB15-531F-4BBF-99E0-3A5299398CFD}.Debug|x64.ActiveCfg = Debug|Any CPU
		{A3CAAB15-531F-4BBF-99E0-3A5299398CFD}.Debug|x64.Build.0 = Debug|Any CPU
		{A3CAAB15-531F-4BBF-99E0-3A5299398CFD}.Release|Any CPU.ActiveCfg = Release|Any CPU
		{A3CAAB15-531F-4BBF-99E0-3A5299398CFD}.Release|Any CPU.Build.0 = Release|Any CPU
		{A3CAAB15-531F-4BBF-99E0-3A5299398CFD}.Release|x64.ActiveCfg = Release|Any CPU
		{A3CAAB15-531F-4BBF-99E0-3A5299398CFD}.Release|x64.Build.0 = Release|Any CPU
	EndGlobalSection
	GlobalSection(SolutionProperties) = preSolution
		HideSolutionNode = FALSE
	EndGlobalSection
	GlobalSection(ExtensibilityGlobals) = postSolution
		SolutionGuid = {F63B6761-A86F-49B4-A18D-8E0556C99357}
	EndGlobalSection
EndGlobal
